{
  "name": "cable-rush-judge",
  "version": "0.0.1",
  "lockfileVersion": 3,
  "requires": true,
  "packages": {
    "": {
      "name": "cable-rush-judge",
      "version": "0.0.1",
      "dependencies": {
        "@portalsdk/core": "^0.1.5"
      }
    },
    "node_modules/@portalsdk/core": {
      "version": "0.1.5",
      "resolved": "https://registry.npmjs.org/@portalsdk/core/-/core-0.1.5.tgz",
      "integrity": "sha512-TIXLTwbe+1JlhTdtH0ZPibljfn6W3nFL1sArdqTTqmaLZ0m0OkpXEujfu9Nt5KThCqAWVbGU6AbUBHwa+Vp7gg==",
      "license": "MIT",
      "dependencies": {
        "@portalsdk/wire-protocol": "^0.3.0",
        "partysocket": "1.3.0"
      }
    },
    "node_modules/@portalsdk/wire-protocol": {
      "version": "0.3.0",
      "resolved": "https://registry.npmjs.org/@portalsdk/wire-protocol/-/wire-protocol-0.3.0.tgz",
      "integrity": "sha512-bDTtcuD2GA2SMToE5N+L9Q9xJLaPBl6YvExqgoULW4xVAEWujaVDFosv1e3tAQPksOxawxzevX5utREUlaXQug==",
      "license": "MIT"
    },
    "node_modules/event-target-polyfill": {
      "version": "0.0.4",
      "resolved": "https://registry.npmjs.org/event-target-polyfill/-/event-target-polyfill-0.0.4.tgz",
      "integrity": "sha512-Gs6RLjzlLRdT8X9ZipJdIZI/Y6/HhRLyq9RdDlCsnpxr/+Nn6bU2EFGuC94GjxqhM+Nmij2Vcq98yoHrU8uNFQ==",
      "license": "MIT"
    },
    "node_modules/partysocket": {
      "version": "1.3.0",
      "resolved": "https://registry.npmjs.org/partysocket/-/partysocket-1.3.0.tgz",
      "integrity": "sha512-1zToNyolZFK/7nuAw/K2bZrNzFqaZyRoCEkS+9vG6WSC5ikrN6qWRe96q6ImU51uptz2r+dAwSkwhJVdQi4LiA==",
      "license": "MIT",
      "dependencies": {
        "event-target-polyfill": "^0.0.4"
      },
      "peerDependencies": {
        "react": ">=17"
      },
      "peerDependenciesMeta": {
        "react": {
          "optional": true
        }
      }
    }
  }
}
